
Microsoft Visual Studio Solution File, Format Version 12.00
# Visual Studio Version 16
VisualStudioVersion = 16.0.30309.148
MinimumVisualStudioVersion = 10.0.40219.1
Project("{FAE04EC0-301F-11D3-BF4B-00C04F79EFBC}") = "Assignment_4", "Assignment_4\Assignment_4.csproj", "{081C5F19-F21F-4B91-9EEC-59606001DBFB}"
EndProject
Global
	GlobalSection(SolutionConfigurationPlatforms) = preSolution
		Debug|Any CPU = Debug|Any CPU
		Release|Any CPU = Release|Any CPU
	EndGlobalSection
	GlobalSection(ProjectConfigurationPlatforms) = postSolution
		{081C5F19-F21F-4B91-9EEC-59606001DBFB}.Debug|Any CPU.ActiveCfg = Debug|Any CPU
		{081C5F19-F21F-4B91-9EEC-59606001DBFB}.Debug|Any CPU.Build.0 = Debug|Any CPU
		{081C5F19-F21F-4B91-9EEC-59606001DBFB}.Release|Any CPU.ActiveCfg = Release|Any CPU
		{081C5F19-F21F-4B91-9EEC-59606001DBFB}.Release|Any CPU.Build.0 = Release|Any CPU
	EndGlobalSection
	GlobalSection(SolutionProperties) = preSolution
		HideSolutionNode = FALSE
	EndGlobalSection
	GlobalSection(ExtensibilityGlobals) = postSolution
		SolutionGuid = {7A84EE83-E3A0-43FC-9D33-942BF3F5ECF6}
	EndGlobalSection
EndGlobal
